
Microsoft Visual Studio Solution File, Format Version 12.00
# Visual Studio Version 17
VisualStudioVersion = 17.6.33712.159
MinimumVisualStudioVersion = 10.0.40219.1
Project("{9A19103F-16F7-4668-BE54-9A1E7A4F7556}") = "day4uc1", "day4uc1.csproj", "{784A79AF-120D-4E5E-AA35-C204A50B622B}"
EndProject
Project("{9A19103F-16F7-4668-BE54-9A1E7A4F7556}") = "DAY4UC2", "..\DAY4UC2\DAY4UC2.csproj", "{4A3AC992-42E4-4C87-AE26-AC343FFF8835}"
EndProject
Project("{FAE04EC0-301F-11D3-BF4B-00C04F79EFBC}") = "DAY4UC4", "..\DAY4UC4\DAY4UC4.csproj", "{8D99CD6C-55A1-4E5B-9B1D-32F1324B2C5B}"
EndProject
Project("{FAE04EC0-301F-11D3-BF4B-00C04F79EFBC}") = "DAY4UC3.1", "..\DAY4UC3.1\DAY4UC3.1.csproj", "{97996143-5A78-4178-90A6-A2BD905F7729}"
EndProject
Project("{FAE04EC0-301F-11D3-BF4B-00C04F79EFBC}") = "UC5", "..\UC5\UC5.csproj", "{BAD546EA-EC67-4E9F-B3CA-A9B379A8FAD8}"
EndProject
Project("{FAE04EC0-301F-11D3-BF4B-00C04F79EFBC}") = "UC6", "..\UC6\UC6.csproj", "{0751E3AF-9D56-460A-B263-E9D934B4FEA2}"
EndProject
Global
	GlobalSection(SolutionConfigurationPlatforms) = preSolution
		Debug|Any CPU = Debug|Any CPU
		Release|Any CPU = Release|Any CPU
	EndGlobalSection
	GlobalSection(ProjectConfigurationPlatforms) = postSolution
		{784A79AF-120D-4E5E-AA35-C204A50B622B}.Debug|Any CPU.ActiveCfg = Debug|Any CPU
		{784A79AF-120D-4E5E-AA35-C204A50B622B}.Debug|Any CPU.Build.0 = Debug|Any CPU
		{784A79AF-120D-4E5E-AA35-C204A50B622B}.Release|Any CPU.ActiveCfg = Release|Any CPU
		{784A79AF-120D-4E5E-AA35-C204A50B622B}.Release|Any CPU.Build.0 = Release|Any CPU
		{4A3AC992-42E4-4C87-AE26-AC343FFF8835}.Debug|Any CPU.ActiveCfg = Debug|Any CPU
		{4A3AC992-42E4-4C87-AE26-AC343FFF8835}.Debug|Any CPU.Build.0 = Debug|Any CPU
		{4A3AC992-42E4-4C87-AE26-AC343FFF8835}.Release|Any CPU.ActiveCfg = Release|Any CPU
		{4A3AC992-42E4-4C87-AE26-AC343FFF8835}.Release|Any CPU.Build.0 = Release|Any CPU
		{8D99CD6C-55A1-4E5B-9B1D-32F1324B2C5B}.Debug|Any CPU.ActiveCfg = Debug|Any CPU
		{8D99CD6C-55A1-4E5B-9B1D-32F1324B2C5B}.Debug|Any CPU.Build.0 = Debug|Any CPU
		{8D99CD6C-55A1-4E5B-9B1D-32F1324B2C5B}.Release|Any CPU.ActiveCfg = Release|Any CPU
		{8D99CD6C-55A1-4E5B-9B1D-32F1324B2C5B}.Release|Any CPU.Build.0 = Release|Any CPU
		{97996143-5A78-4178-90A6-A2BD905F7729}.Debug|Any CPU.ActiveCfg = Debug|Any CPU
		{97996143-5A78-4178-90A6-A2BD905F7729}.Debug|Any CPU.Build.0 = Debug|Any CPU
		{97996143-5A78-4178-90A6-A2BD905F7729}.Release|Any CPU.ActiveCfg = Release|Any CPU
		{97996143-5A78-4178-90A6-A2BD905F7729}.Release|Any CPU.Build.0 = Release|Any CPU
		{BAD546EA-EC67-4E9F-B3CA-A9B379A8FAD8}.Debug|Any CPU.ActiveCfg = Debug|Any CPU
		{BAD546EA-EC67-4E9F-B3CA-A9B379A8FAD8}.Debug|Any CPU.Build.0 = Debug|Any CPU
		{BAD546EA-EC67-4E9F-B3CA-A9B379A8FAD8}.Release|Any CPU.ActiveCfg = Release|Any CPU
		{BAD546EA-EC67-4E9F-B3CA-A9B379A8FAD8}.Release|Any CPU.Build.0 = Release|Any CPU
		{0751E3AF-9D56-460A-B263-E9D934B4FEA2}.Debug|Any CPU.ActiveCfg = Debug|Any CPU
		{0751E3AF-9D56-460A-B263-E9D934B4FEA2}.Debug|Any CPU.Build.0 = Debug|Any CPU
		{0751E3AF-9D56-460A-B263-E9D934B4FEA2}.Release|Any CPU.ActiveCfg = Release|Any CPU
		{0751E3AF-9D56-460A-B263-E9D934B4FEA2}.Release|Any CPU.Build.0 = Release|Any CPU
	EndGlobalSection
	GlobalSection(SolutionProperties) = preSolution
		HideSolutionNode = FALSE
	EndGlobalSection
	GlobalSection(ExtensibilityGlobals) = postSolution
		SolutionGuid = {829F164E-E66E-427E-82D3-1E709CA5D977}
	EndGlobalSection
EndGlobal
